
Microsoft Visual Studio Solution File, Format Version 12.00
# Visual Studio 15
VisualStudioVersion = 15.0.27428.2027
MinimumVisualStudioVersion = 10.0.40219.1
Project("{FAE04EC0-301F-11D3-BF4B-00C04F79EFBC}") = "SecondAttempt", "SecondAttempt\SecondAttempt.csproj", "{743DF1C8-6D05-47B3-A933-C165B131AB17}"
EndProject
Global
	GlobalSection(SolutionConfigurationPlatforms) = preSolution
		Debug|Any CPU = Debug|Any CPU
		Release|Any CPU = Release|Any CPU
	EndGlobalSection
	GlobalSection(ProjectConfigurationPlatforms) = postSolution
		{743DF1C8-6D05-47B3-A933-C165B131AB17}.Debug|Any CPU.ActiveCfg = Debug|Any CPU
		{743DF1C8-6D05-47B3-A933-C165B131AB17}.Debug|Any CPU.Build.0 = Debug|Any CPU
		{743DF1C8-6D05-47B3-A933-C165B131AB17}.Release|Any CPU.ActiveCfg = Release|Any CPU
		{743DF1C8-6D05-47B3-A933-C165B131AB17}.Release|Any CPU.Build.0 = Release|Any CPU
	EndGlobalSection
	GlobalSection(SolutionProperties) = preSolution
		HideSolutionNode = FALSE
	EndGlobalSection
	GlobalSection(ExtensibilityGlobals) = postSolution
		SolutionGuid = {9C6F3468-BBAC-4BDD-B545-D152A92D13F0}
	EndGlobalSection
EndGlobal
