
Microsoft Visual Studio Solution File, Format Version 12.00
# Visual Studio 15
VisualStudioVersion = 15.0.27428.2027
MinimumVisualStudioVersion = 10.0.40219.1
Project("{FAE04EC0-301F-11D3-BF4B-00C04F79EFBC}") = "SecureSite", "SecureSite\SecureSite.csproj", "{F5AB6630-E349-4875-AA0C-25C8C317581F}"
EndProject
Global
	GlobalSection(SolutionConfigurationPlatforms) = preSolution
		Debug|Any CPU = Debug|Any CPU
		Release|Any CPU = Release|Any CPU
	EndGlobalSection
	GlobalSection(ProjectConfigurationPlatforms) = postSolution
		{F5AB6630-E349-4875-AA0C-25C8C317581F}.Debug|Any CPU.ActiveCfg = Debug|Any CPU
		{F5AB6630-E349-4875-AA0C-25C8C317581F}.Debug|Any CPU.Build.0 = Debug|Any CPU
		{F5AB6630-E349-4875-AA0C-25C8C317581F}.Release|Any CPU.ActiveCfg = Release|Any CPU
		{F5AB6630-E349-4875-AA0C-25C8C317581F}.Release|Any CPU.Build.0 = Release|Any CPU
	EndGlobalSection
	GlobalSection(SolutionProperties) = preSolution
		HideSolutionNode = FALSE
	EndGlobalSection
	GlobalSection(ExtensibilityGlobals) = postSolution
		SolutionGuid = {2997474D-98A4-4183-B025-6756385AE38F}
	EndGlobalSection
EndGlobal
